
Microsoft Visual Studio Solution File, Format Version 12.00
# Visual Studio Version 17
VisualStudioVersion = 17.11.35208.52
MinimumVisualStudioVersion = 10.0.40219.1
Project("{FAE04EC0-301F-11D3-BF4B-00C04F79EFBC}") = "UniversityWebApiBatch2", "UniversityWebApiBatch2\UniversityWebApiBatch2.csproj", "{5A5E3921-DCF0-4C7B-A9C9-B3D8F9278D37}"
EndProject
Global
	GlobalSection(SolutionConfigurationPlatforms) = preSolution
		Debug|Any CPU = Debug|Any CPU
		Release|Any CPU = Release|Any CPU
	EndGlobalSection
	GlobalSection(ProjectConfigurationPlatforms) = postSolution
		{5A5E3921-DCF0-4C7B-A9C9-B3D8F9278D37}.Debug|Any CPU.ActiveCfg = Debug|Any CPU
		{5A5E3921-DCF0-4C7B-A9C9-B3D8F9278D37}.Debug|Any CPU.Build.0 = Debug|Any CPU
		{5A5E3921-DCF0-4C7B-A9C9-B3D8F9278D37}.Release|Any CPU.ActiveCfg = Release|Any CPU
		{5A5E3921-DCF0-4C7B-A9C9-B3D8F9278D37}.Release|Any CPU.Build.0 = Release|Any CPU
	EndGlobalSection
	GlobalSection(SolutionProperties) = preSolution
		HideSolutionNode = FALSE
	EndGlobalSection
	GlobalSection(ExtensibilityGlobals) = postSolution
		SolutionGuid = {863D4D9F-05CC-4A77-9BE4-A7BBB24F9B95}
	EndGlobalSection
EndGlobal
